
Microsoft Visual Studio Solution File, Format Version 12.00
# Visual Studio Version 16
VisualStudioVersion = 16.0.31424.327
MinimumVisualStudioVersion = 10.0.40219.1
Project("{9A19103F-16F7-4668-BE54-9A1E7A4F7556}") = "RasorPagesGeneral", "RasorPagesGeneral\RasorPagesGeneral.csproj", "{16477160-E96E-487D-AF89-B2968844697E}"
EndProject
Project("{9A19103F-16F7-4668-BE54-9A1E7A4F7556}") = "RasorPagesLessons.Models", "RasorPagesLessons.Models\RasorPagesLessons.Models.csproj", "{2D490206-05A8-4959-B15E-1537DD3BC9FF}"
EndProject
Project("{9A19103F-16F7-4668-BE54-9A1E7A4F7556}") = "RasorPagesLessons.Services", "RasorPagesLessons.Services\RasorPagesLessons.Services.csproj", "{C8C58A2F-3D0F-40B6-87DC-790DE006D3F4}"
EndProject
Global
	GlobalSection(SolutionConfigurationPlatforms) = preSolution
		Debug|Any CPU = Debug|Any CPU
		Release|Any CPU = Release|Any CPU
	EndGlobalSection
	GlobalSection(ProjectConfigurationPlatforms) = postSolution
		{16477160-E96E-487D-AF89-B2968844697E}.Debug|Any CPU.ActiveCfg = Debug|Any CPU
		{16477160-E96E-487D-AF89-B2968844697E}.Debug|Any CPU.Build.0 = Debug|Any CPU
		{16477160-E96E-487D-AF89-B2968844697E}.Release|Any CPU.ActiveCfg = Release|Any CPU
		{16477160-E96E-487D-AF89-B2968844697E}.Release|Any CPU.Build.0 = Release|Any CPU
		{2D490206-05A8-4959-B15E-1537DD3BC9FF}.Debug|Any CPU.ActiveCfg = Debug|Any CPU
		{2D490206-05A8-4959-B15E-1537DD3BC9FF}.Debug|Any CPU.Build.0 = Debug|Any CPU
		{2D490206-05A8-4959-B15E-1537DD3BC9FF}.Release|Any CPU.ActiveCfg = Release|Any CPU
		{2D490206-05A8-4959-B15E-1537DD3BC9FF}.Release|Any CPU.Build.0 = Release|Any CPU
		{C8C58A2F-3D0F-40B6-87DC-790DE006D3F4}.Debug|Any CPU.ActiveCfg = Debug|Any CPU
		{C8C58A2F-3D0F-40B6-87DC-790DE006D3F4}.Debug|Any CPU.Build.0 = Debug|Any CPU
		{C8C58A2F-3D0F-40B6-87DC-790DE006D3F4}.Release|Any CPU.ActiveCfg = Release|Any CPU
		{C8C58A2F-3D0F-40B6-87DC-790DE006D3F4}.Release|Any CPU.Build.0 = Release|Any CPU
	EndGlobalSection
	GlobalSection(SolutionProperties) = preSolution
		HideSolutionNode = FALSE
	EndGlobalSection
	GlobalSection(ExtensibilityGlobals) = postSolution
		SolutionGuid = {F525D932-533A-4DFB-939D-680B113A61C7}
	EndGlobalSection
EndGlobal
